
Microsoft Visual Studio Solution File, Format Version 12.00
# Visual Studio Version 17
VisualStudioVersion = 17.12.35527.113 d17.12
MinimumVisualStudioVersion = 10.0.40219.1
Project("{FAE04EC0-301F-11D3-BF4B-00C04F79EFBC}") = "G-NET-26-OOP-1", "G-NET-26-OOP-1.csproj", "{38C60C5B-3DE8-427B-9EE7-E0E60088139D}"
EndProject
Global
	GlobalSection(SolutionConfigurationPlatforms) = preSolution
		Debug|Any CPU = Debug|Any CPU
		Release|Any CPU = Release|Any CPU
	EndGlobalSection
	GlobalSection(ProjectConfigurationPlatforms) = postSolution
		{38C60C5B-3DE8-427B-9EE7-E0E60088139D}.Debug|Any CPU.ActiveCfg = Debug|Any CPU
		{38C60C5B-3DE8-427B-9EE7-E0E60088139D}.Debug|Any CPU.Build.0 = Debug|Any CPU
		{38C60C5B-3DE8-427B-9EE7-E0E60088139D}.Release|Any CPU.ActiveCfg = Release|Any CPU
		{38C60C5B-3DE8-427B-9EE7-E0E60088139D}.Release|Any CPU.Build.0 = Release|Any CPU
	EndGlobalSection
	GlobalSection(SolutionProperties) = preSolution
		HideSolutionNode = FALSE
	EndGlobalSection
EndGlobal
